
Microsoft Visual Studio Solution File, Format Version 12.00
# Visual Studio 15
VisualStudioVersion = 15.0.28307.1000
MinimumVisualStudioVersion = 10.0.40219.1
Project("{FAE04EC0-301F-11D3-BF4B-00C04F79EFBC}") = "FileProcessor", "FileProcessor\FileProcessor.csproj", "{D807F478-9A2A-4DEC-A45C-ECA87AD39503}"
EndProject
Project("{FAE04EC0-301F-11D3-BF4B-00C04F79EFBC}") = "FileProcessorTests", "FileProcessorTests\FileProcessorTests.csproj", "{B3780C71-12E2-46F7-8D10-16E74BB83B84}"
EndProject
Project("{FAE04EC0-301F-11D3-BF4B-00C04F79EFBC}") = "ProcessLibrary", "ProcessLibrary\ProcessLibrary.csproj", "{4EB3566E-8DDC-44CA-AD45-C100702D4B80}"
EndProject
Global
	GlobalSection(SolutionConfigurationPlatforms) = preSolution
		Debug|Any CPU = Debug|Any CPU
		Release|Any CPU = Release|Any CPU
	EndGlobalSection
	GlobalSection(ProjectConfigurationPlatforms) = postSolution
		{D807F478-9A2A-4DEC-A45C-ECA87AD39503}.Debug|Any CPU.ActiveCfg = Debug|Any CPU
		{D807F478-9A2A-4DEC-A45C-ECA87AD39503}.Debug|Any CPU.Build.0 = Debug|Any CPU
		{D807F478-9A2A-4DEC-A45C-ECA87AD39503}.Release|Any CPU.ActiveCfg = Release|Any CPU
		{D807F478-9A2A-4DEC-A45C-ECA87AD39503}.Release|Any CPU.Build.0 = Release|Any CPU
		{B3780C71-12E2-46F7-8D10-16E74BB83B84}.Debug|Any CPU.ActiveCfg = Debug|Any CPU
		{B3780C71-12E2-46F7-8D10-16E74BB83B84}.Debug|Any CPU.Build.0 = Debug|Any CPU
		{B3780C71-12E2-46F7-8D10-16E74BB83B84}.Release|Any CPU.ActiveCfg = Release|Any CPU
		{B3780C71-12E2-46F7-8D10-16E74BB83B84}.Release|Any CPU.Build.0 = Release|Any CPU
		{4EB3566E-8DDC-44CA-AD45-C100702D4B80}.Debug|Any CPU.ActiveCfg = Debug|Any CPU
		{4EB3566E-8DDC-44CA-AD45-C100702D4B80}.Debug|Any CPU.Build.0 = Debug|Any CPU
		{4EB3566E-8DDC-44CA-AD45-C100702D4B80}.Release|Any CPU.ActiveCfg = Release|Any CPU
		{4EB3566E-8DDC-44CA-AD45-C100702D4B80}.Release|Any CPU.Build.0 = Release|Any CPU
	EndGlobalSection
	GlobalSection(SolutionProperties) = preSolution
		HideSolutionNode = FALSE
	EndGlobalSection
	GlobalSection(ExtensibilityGlobals) = postSolution
		SolutionGuid = {70F06301-78B4-452E-84C2-DEE2A859634A}
	EndGlobalSection
EndGlobal
